// !$*UTF8*$!
{
	archiveVersion = 1;
	classes = {
	};
	objectVersion = 50;
	objects = {

/* Begin PBXBuildFile section */
		D336077B21C017AA0032EFA3 /* CoreDataStack.swift in Sources */ = {isa = PBXBuildFile; fileRef = D336077A21C017AA0032EFA3 /* CoreDataStack.swift */; };
		D3439E6A21BA95A0007759F5 /* AppDelegate.swift in Sources */ = {isa = PBXBuildFile; fileRef = D3439E6921BA95A0007759F5 /* AppDelegate.swift */; };
		D3439E6C21BA95A0007759F5 /* ViewController.swift in Sources */ = {isa = PBXBuildFile; fileRef = D3439E6B21BA95A0007759F5 /* ViewController.swift */; };
		D3439E6F21BA95A0007759F5 /* Main.storyboard in Resources */ = {isa = PBXBuildFile; fileRef = D3439E6D21BA95A0007759F5 /* Main.storyboard */; };
		D3439E7121BA95A1007759F5 /* Assets.xcassets in Resources */ = {isa = PBXBuildFile; fileRef = D3439E7021BA95A1007759F5 /* Assets.xcassets */; };
		D3439E7421BA95A1007759F5 /* LaunchScreen.storyboard in Resources */ = {isa = PBXBuildFile; fileRef = D3439E7221BA95A1007759F5 /* LaunchScreen.storyboard */; };
		D3439E7D21BA95BB007759F5 /* OnlineShopDataModel.xcdatamodeld in Sources */ = {isa = PBXBuildFile; fileRef = D3439E7B21BA95BB007759F5 /* OnlineShopDataModel.xcdatamodeld */; };
		D3439E8821BA9834007759F5 /* Articel+CoreDataClass.swift in Sources */ = {isa = PBXBuildFile; fileRef = D3439E8021BA9834007759F5 /* Articel+CoreDataClass.swift */; };
		D3439E8921BA9834007759F5 /* Articel+CoreDataProperties.swift in Sources */ = {isa = PBXBuildFile; fileRef = D3439E8121BA9834007759F5 /* Articel+CoreDataProperties.swift */; };
		D3439E8A21BA9834007759F5 /* SubCategory+CoreDataClass.swift in Sources */ = {isa = PBXBuildFile; fileRef = D3439E8221BA9834007759F5 /* SubCategory+CoreDataClass.swift */; };
		D3439E8B21BA9834007759F5 /* SubCategory+CoreDataProperties.swift in Sources */ = {isa = PBXBuildFile; fileRef = D3439E8321BA9834007759F5 /* SubCategory+CoreDataProperties.swift */; };
		D3439E8C21BA9834007759F5 /* ShoppingCart+CoreDataClass.swift in Sources */ = {isa = PBXBuildFile; fileRef = D3439E8421BA9834007759F5 /* ShoppingCart+CoreDataClass.swift */; };
		D3439E8D21BA9834007759F5 /* ShoppingCart+CoreDataProperties.swift in Sources */ = {isa = PBXBuildFile; fileRef = D3439E8521BA9834007759F5 /* ShoppingCart+CoreDataProperties.swift */; };
		D3439E9121BAA31D007759F5 /* MainCategoriesTableViewCell.swift in Sources */ = {isa = PBXBuildFile; fileRef = D3439E9021BAA31D007759F5 /* MainCategoriesTableViewCell.swift */; };
		D3439E9B21BAA82A007759F5 /* MainCategory+CoreDataProperties.swift in Sources */ = {isa = PBXBuildFile; fileRef = D3439E9A21BAA82A007759F5 /* MainCategory+CoreDataProperties.swift */; };
		D3439E9D21BAA866007759F5 /* MainCategory+CoreDataClass.swift in Sources */ = {isa = PBXBuildFile; fileRef = D3439E9C21BAA866007759F5 /* MainCategory+CoreDataClass.swift */; };
/* End PBXBuildFile section */

/* Begin PBXFileReference section */
		D336077A21C017AA0032EFA3 /* CoreDataStack.swift */ = {isa = PBXFileReference; fileEncoding = 4; lastKnownFileType = sourcecode.swift; path = CoreDataStack.swift; sourceTree = "<group>"; };
		D3439E6621BA95A0007759F5 /* OnlineShop.app */ = {isa = PBXFileReference; explicitFileType = wrapper.application; includeInIndex = 0; path = OnlineShop.app; sourceTree = BUILT_PRODUCTS_DIR; };
		D3439E6921BA95A0007759F5 /* AppDelegate.swift */ = {isa = PBXFileReference; lastKnownFileType = sourcecode.swift; path = AppDelegate.swift; sourceTree = "<group>"; };
		D3439E6B21BA95A0007759F5 /* ViewController.swift */ = {isa = PBXFileReference; lastKnownFileType = sourcecode.swift; path = ViewController.swift; sourceTree = "<group>"; };
		D3439E6E21BA95A0007759F5 /* Base */ = {isa = PBXFileReference; lastKnownFileType = file.storyboard; name = Base; path = Base.lproj/Main.storyboard; sourceTree = "<group>"; };
		D3439E7021BA95A1007759F5 /* Assets.xcassets */ = {isa = PBXFileReference; lastKnownFileType = folder.assetcatalog; path = Assets.xcassets; sourceTree = "<group>"; };
		D3439E7321BA95A1007759F5 /* Base */ = {isa = PBXFileReference; lastKnownFileType = file.storyboard; name = Base; path = Base.lproj/LaunchScreen.storyboard; sourceTree = "<group>"; };
		D3439E7521BA95A1007759F5 /* Info.plist */ = {isa = PBXFileReference; lastKnownFileType = text.plist.xml; path = Info.plist; sourceTree = "<group>"; };
		D3439E7C21BA95BB007759F5 /* OnlineShopDataModel.xcdatamodel */ = {isa = PBXFileReference; lastKnownFileType = wrapper.xcdatamodel; path = OnlineShopDataModel.xcdatamodel; sourceTree = "<group>"; };
		D3439E8021BA9834007759F5 /* Articel+CoreDataClass.swift */ = {isa = PBXFileReference; lastKnownFileType = sourcecode.swift; path = "Articel+CoreDataClass.swift"; sourceTree = "<group>"; };
		D3439E8121BA9834007759F5 /* Articel+CoreDataProperties.swift */ = {isa = PBXFileReference; lastKnownFileType = sourcecode.swift; path = "Articel+CoreDataProperties.swift"; sourceTree = "<group>"; };
		D3439E8221BA9834007759F5 /* SubCategory+CoreDataClass.swift */ = {isa = PBXFileReference; lastKnownFileType = sourcecode.swift; path = "SubCategory+CoreDataClass.swift"; sourceTree = "<group>"; };
		D3439E8321BA9834007759F5 /* SubCategory+CoreDataProperties.swift */ = {isa = PBXFileReference; lastKnownFileType = sourcecode.swift; path = "SubCategory+CoreDataProperties.swift"; sourceTree = "<group>"; };
		D3439E8421BA9834007759F5 /* ShoppingCart+CoreDataClass.swift */ = {isa = PBXFileReference; lastKnownFileType = sourcecode.swift; path = "ShoppingCart+CoreDataClass.swift"; sourceTree = "<group>"; };
		D3439E8521BA9834007759F5 /* ShoppingCart+CoreDataProperties.swift */ = {isa = PBXFileReference; lastKnownFileType = sourcecode.swift; path = "ShoppingCart+CoreDataProperties.swift"; sourceTree = "<group>"; };
		D3439E9021BAA31D007759F5 /* MainCategoriesTableViewCell.swift */ = {isa = PBXFileReference; lastKnownFileType = sourcecode.swift; path = MainCategoriesTableViewCell.swift; sourceTree = "<group>"; };
		D3439E9A21BAA82A007759F5 /* MainCategory+CoreDataProperties.swift */ = {isa = PBXFileReference; lastKnownFileType = sourcecode.swift; path = "MainCategory+CoreDataProperties.swift"; sourceTree = "<group>"; };
		D3439E9C21BAA866007759F5 /* MainCategory+CoreDataClass.swift */ = {isa = PBXFileReference; lastKnownFileType = sourcecode.swift; path = "MainCategory+CoreDataClass.swift"; sourceTree = "<group>"; };
/* End PBXFileReference section */

/* Begin PBXFrameworksBuildPhase section */
		D3439E6321BA95A0007759F5 /* Frameworks */ = {
			isa = PBXFrameworksBuildPhase;
			buildActionMask = 2147483647;
			files = (
			);
			runOnlyForDeploymentPostprocessing = 0;
		};
/* End PBXFrameworksBuildPhase section */

/* Begin PBXGroup section */
		D3439E5D21BA95A0007759F5 = {
			isa = PBXGroup;
			children = (
				D3439E6821BA95A0007759F5 /* OnlineShop */,
				D3439E6721BA95A0007759F5 /* Products */,
			);
			sourceTree = "<group>";
		};
		D3439E6721BA95A0007759F5 /* Products */ = {
			isa = PBXGroup;
			children = (
				D3439E6621BA95A0007759F5 /* OnlineShop.app */,
			);
			name = Products;
			sourceTree = "<group>";
		};
		D3439E6821BA95A0007759F5 /* OnlineShop */ = {
			isa = PBXGroup;
			children = (
				D3439E9A21BAA82A007759F5 /* MainCategory+CoreDataProperties.swift */,
				D3439E8021BA9834007759F5 /* Articel+CoreDataClass.swift */,
				D3439E8121BA9834007759F5 /* Articel+CoreDataProperties.swift */,
				D3439E8221BA9834007759F5 /* SubCategory+CoreDataClass.swift */,
				D3439E8321BA9834007759F5 /* SubCategory+CoreDataProperties.swift */,
				D3439E8421BA9834007759F5 /* ShoppingCart+CoreDataClass.swift */,
				D3439E9C21BAA866007759F5 /* MainCategory+CoreDataClass.swift */,
				D3439E8521BA9834007759F5 /* ShoppingCart+CoreDataProperties.swift */,
				D3439E6921BA95A0007759F5 /* AppDelegate.swift */,
				D3439E6B21BA95A0007759F5 /* ViewController.swift */,
				D3439E6D21BA95A0007759F5 /* Main.storyboard */,
				D3439E9021BAA31D007759F5 /* MainCategoriesTableViewCell.swift */,
				D3439E7021BA95A1007759F5 /* Assets.xcassets */,
				D3439E7221BA95A1007759F5 /* LaunchScreen.storyboard */,
				D336077A21C017AA0032EFA3 /* CoreDataStack.swift */,
				D3439E7521BA95A1007759F5 /* Info.plist */,
				D3439E7B21BA95BB007759F5 /* OnlineShopDataModel.xcdatamodeld */,
			);
			path = OnlineShop;
			sourceTree = "<group>";
		};
/* End PBXGroup section */

/* Begin PBXNativeTarget section */
		D3439E6521BA95A0007759F5 /* OnlineShop */ = {
			isa = PBXNativeTarget;
			buildConfigurationList = D3439E7821BA95A1007759F5 /* Build configuration list for PBXNativeTarget "OnlineShop" */;
			buildPhases = (
				D3439E6221BA95A0007759F5 /* Sources */,
				D3439E6321BA95A0007759F5 /* Frameworks */,
				D3439E6421BA95A0007759F5 /* Resources */,
			);
			buildRules = (
			);
			dependencies = (
			);
			name = OnlineShop;
			productName = OnlineShop;
			productReference = D3439E6621BA95A0007759F5 /* OnlineShop.app */;
			productType = "com.apple.product-type.application";
		};
/* End PBXNativeTarget section */

/* Begin PBXProject section */
		D3439E5E21BA95A0007759F5 /* Project object */ = {
			isa = PBXProject;
			attributes = {
				LastSwiftUpdateCheck = 1010;
				LastUpgradeCheck = 1010;
				ORGANIZATIONNAME = "Laura Siewert";
				TargetAttributes = {
					D3439E6521BA95A0007759F5 = {
						CreatedOnToolsVersion = 10.1;
					};
				};
			};
			buildConfigurationList = D3439E6121BA95A0007759F5 /* Build configuration list for PBXProject "OnlineShop" */;
			compatibilityVersion = "Xcode 9.3";
			developmentRegion = en;
			hasScannedForEncodings = 0;
			knownRegions = (
				en,
				Base,
			);
			mainGroup = D3439E5D21BA95A0007759F5;
			productRefGroup = D3439E6721BA95A0007759F5 /* Products */;
			projectDirPath = "";
			projectRoot = "";
			targets = (
				D3439E6521BA95A0007759F5 /* OnlineShop */,
			);
		};
/* End PBXProject section */

/* Begin PBXResourcesBuildPhase section */
		D3439E6421BA95A0007759F5 /* Resources */ = {
			isa = PBXResourcesBuildPhase;
			buildActionMask = 2147483647;
			files = (
				D3439E7421BA95A1007759F5 /* LaunchScreen.storyboard in Resources */,
				D3439E7121BA95A1007759F5 /* Assets.xcassets in Resources */,
				D3439E6F21BA95A0007759F5 /* Main.storyboard in Resources */,
			);
			runOnlyForDeploymentPostprocessing = 0;
		};
/* End PBXResourcesBuildPhase section */

/* Begin PBXSourcesBuildPhase section */
		D3439E6221BA95A0007759F5 /* Sources */ = {
			isa = PBXSourcesBuildPhase;
			buildActionMask = 2147483647;
			files = (
				D3439E8A21BA9834007759F5 /* SubCategory+CoreDataClass.swift in Sources */,
				D3439E8D21BA9834007759F5 /* ShoppingCart+CoreDataProperties.swift in Sources */,
				D3439E9B21BAA82A007759F5 /* MainCategory+CoreDataProperties.swift in Sources */,
				D3439E8921BA9834007759F5 /* Articel+CoreDataProperties.swift in Sources */,
				D3439E9121BAA31D007759F5 /* MainCategoriesTableViewCell.swift in Sources */,
				D3439E9D21BAA866007759F5 /* MainCategory+CoreDataClass.swift in Sources */,
				D3439E8C21BA9834007759F5 /* ShoppingCart+CoreDataClass.swift in Sources */,
				D336077B21C017AA0032EFA3 /* CoreDataStack.swift in Sources */,
				D3439E8B21BA9834007759F5 /* SubCategory+CoreDataProperties.swift in Sources */,
				D3439E8821BA9834007759F5 /* Articel+CoreDataClass.swift in Sources */,
				D3439E6C21BA95A0007759F5 /* ViewController.swift in Sources */,
				D3439E6A21BA95A0007759F5 /* AppDelegate.swift in Sources */,
				D3439E7D21BA95BB007759F5 /* OnlineShopDataModel.xcdatamodeld in Sources */,
			);
			runOnlyForDeploymentPostprocessing = 0;
		};
/* End PBXSourcesBuildPhase section */

/* Begin PBXVariantGroup section */
		D3439E6D21BA95A0007759F5 /* Main.storyboard */ = {
			isa = PBXVariantGroup;
			children = (
				D3439E6E21BA95A0007759F5 /* Base */,
			);
			name = Main.storyboard;
			sourceTree = "<group>";
		};
		D3439E7221BA95A1007759F5 /* LaunchScreen.storyboard */ = {
			isa = PBXVariantGroup;
			children = (
				D3439E7321BA95A1007759F5 /* Base */,
			);
			name = LaunchScreen.storyboard;
			sourceTree = "<group>";
		};
/* End PBXVariantGroup section */

/* Begin XCBuildConfiguration section */
		D3439E7621BA95A1007759F5 /* Debug */ = {
			isa = XCBuildConfiguration;
			buildSettings = {
				ALWAYS_SEARCH_USER_PATHS = NO;
				CLANG_ANALYZER_NONNULL = YES;
				CLANG_ANALYZER_NUMBER_OBJECT_CONVERSION = YES_AGGRESSIVE;
				CLANG_CXX_LANGUAGE_STANDARD = "gnu++14";
				CLANG_CXX_LIBRARY = "libc++";
				CLANG_ENABLE_MODULES = YES;
				CLANG_ENABLE_OBJC_ARC = YES;
				CLANG_ENABLE_OBJC_WEAK = YES;
				CLANG_WARN_BLOCK_CAPTURE_AUTORELEASING = YES;
				CLANG_WARN_BOOL_CONVERSION = YES;
				CLANG_WARN_COMMA = YES;
				CLANG_WARN_CONSTANT_CONVERSION = YES;
				CLANG_WARN_DEPRECATED_OBJC_IMPLEMENTATIONS = YES;
				CLANG_WARN_DIRECT_OBJC_ISA_USAGE = YES_ERROR;
				CLANG_WARN_DOCUMENTATION_COMMENTS = YES;
				CLANG_WARN_EMPTY_BODY = YES;
				CLANG_WARN_ENUM_CONVERSION = YES;
				CLANG_WARN_INFINITE_RECURSION = YES;
				CLANG_WARN_INT_CONVERSION = YES;
				CLANG_WARN_NON_LITERAL_NULL_CONVERSION = YES;
				CLANG_WARN_OBJC_IMPLICIT_RETAIN_SELF = YES;
				CLANG_WARN_OBJC_LITERAL_CONVERSION = YES;
				CLANG_WARN_OBJC_ROOT_CLASS = YES_ERROR;
				CLANG_WARN_RANGE_LOOP_ANALYSIS = YES;
				CLANG_WARN_STRICT_PROTOTYPES = YES;
				CLANG_WARN_SUSPICIOUS_MOVE = YES;
				CLANG_WARN_UNGUARDED_AVAILABILITY = YES_AGGRESSIVE;
				CLANG_WARN_UNREACHABLE_CODE = YES;
				CLANG_WARN__DUPLICATE_METHOD_MATCH = YES;
				CODE_SIGN_IDENTITY = "iPhone Developer";
				COPY_PHASE_STRIP = NO;
				DEBUG_INFORMATION_FORMAT = dwarf;
				ENABLE_STRICT_OBJC_MSGSEND = YES;
				ENABLE_TESTABILITY = YES;
				GCC_C_LANGUAGE_STANDARD = gnu11;
				GCC_DYNAMIC_NO_PIC = NO;
				GCC_NO_COMMON_BLOCKS = YES;
				GCC_OPTIMIZATION_LEVEL = 0;
				GCC_PREPROCESSOR_DEFINITIONS = (
					"DEBUG=1",
					"$(inherited)",
				);
				GCC_WARN_64_TO_32_BIT_CONVERSION = YES;
				GCC_WARN_ABOUT_RETURN_TYPE = YES_ERROR;
				GCC_WARN_UNDECLARED_SELECTOR = YES;
				GCC_WARN_UNINITIALIZED_AUTOS = YES_AGGRESSIVE;
				GCC_WARN_UNUSED_FUNCTION = YES;
				GCC_WARN_UNUSED_VARIABLE = YES;
				IPHONEOS_DEPLOYMENT_TARGET = 12.1;
				MTL_ENABLE_DEBUG_INFO = INCLUDE_SOURCE;
				MTL_FAST_MATH = YES;
				ONLY_ACTIVE_ARCH = YES;
				SDKROOT = iphoneos;
				SWIFT_ACTIVE_COMPILATION_CONDITIONS = DEBUG;
				SWIFT_OPTIMIZATION_LEVEL = "-Onone";
			};
			name = Debug;
		};
		D3439E7721BA95A1007759F5 /* Release */ = {
			isa = XCBuildConfiguration;
			buildSettings = {
				ALWAYS_SEARCH_USER_PATHS = NO;
				CLANG_ANALYZER_NONNULL = YES;
				CLANG_ANALYZER_NUMBER_OBJECT_CONVERSION = YES_AGGRESSIVE;
				CLANG_CXX_LANGUAGE_STANDARD = "gnu++14";
				CLANG_CXX_LIBRARY = "libc++";
				CLANG_ENABLE_MODULES = YES;
				CLANG_ENABLE_OBJC_ARC = YES;
				CLANG_ENABLE_OBJC_WEAK = YES;
				CLANG_WARN_BLOCK_CAPTURE_AUTORELEASING = YES;
				CLANG_WARN_BOOL_CONVERSION = YES;
				CLANG_WARN_COMMA = YES;
				CLANG_WARN_CONSTANT_CONVERSION = YES;
				CLANG_WARN_DEPRECATED_OBJC_IMPLEMENTATIONS = YES;
				CLANG_WARN_DIRECT_OBJC_ISA_USAGE = YES_ERROR;
				CLANG_WARN_DOCUMENTATION_COMMENTS = YES;
				CLANG_WARN_EMPTY_BODY = YES;
				CLANG_WARN_ENUM_CONVERSION = YES;
				CLANG_WARN_INFINITE_RECURSION = YES;
				CLANG_WARN_INT_CONVERSION = YES;
				CLANG_WARN_NON_LITERAL_NULL_CONVERSION = YES;
				CLANG_WARN_OBJC_IMPLICIT_RETAIN_SELF = YES;
				CLANG_WARN_OBJC_LITERAL_CONVERSION = YES;
				CLANG_WARN_OBJC_ROOT_CLASS = YES_ERROR;
				CLANG_WARN_RANGE_LOOP_ANALYSIS = YES;
				CLANG_WARN_STRICT_PROTOTYPES = YES;
				CLANG_WARN_SUSPICIOUS_MOVE = YES;
				CLANG_WARN_UNGUARDED_AVAILABILITY = YES_AGGRESSIVE;
				CLANG_WARN_UNREACHABLE_CODE = YES;
				CLANG_WARN__DUPLICATE_METHOD_MATCH = YES;
				CODE_SIGN_IDENTITY = "iPhone Developer";
				COPY_PHASE_STRIP = NO;
				DEBUG_INFORMATION_FORMAT = "dwarf-with-dsym";
				ENABLE_NS_ASSERTIONS = NO;
				ENABLE_STRICT_OBJC_MSGSEND = YES;
				GCC_C_LANGUAGE_STANDARD = gnu11;
				GCC_NO_COMMON_BLOCKS = YES;
				GCC_WARN_64_TO_32_BIT_CONVERSION = YES;
				GCC_WARN_ABOUT_RETURN_TYPE = YES_ERROR;
				GCC_WARN_UNDECLARED_SELECTOR = YES;
				GCC_WARN_UNINITIALIZED_AUTOS = YES_AGGRESSIVE;
				GCC_WARN_UNUSED_FUNCTION = YES;
				GCC_WARN_UNUSED_VARIABLE = YES;
				IPHONEOS_DEPLOYMENT_TARGET = 12.1;
				MTL_ENABLE_DEBUG_INFO = NO;
				MTL_FAST_MATH = YES;
				SDKROOT = iphoneos;
				SWIFT_COMPILATION_MODE = wholemodule;
				SWIFT_OPTIMIZATION_LEVEL = "-O";
				VALIDATE_PRODUCT = YES;
			};
			name = Release;
		};
		D3439E7921BA95A1007759F5 /* Debug */ = {
			isa = XCBuildConfiguration;
			buildSettings = {
				ASSETCATALOG_COMPILER_APPICON_NAME = AppIcon;
				CODE_SIGN_STYLE = Automatic;
				DEVELOPMENT_TEAM = VHSPQ2VYQK;
				INFOPLIST_FILE = OnlineShop/Info.plist;
				LD_RUNPATH_SEARCH_PATHS = (
					"$(inherited)",
					"@executable_path/Frameworks",
				);
				PRODUCT_BUNDLE_IDENTIFIER = com.example.OnlineShop;
				PRODUCT_NAME = "$(TARGET_NAME)";
				SWIFT_VERSION = 4.2;
				TARGETED_DEVICE_FAMILY = "1,2";
			};
			name = Debug;
		};
		D3439E7A21BA95A1007759F5 /* Release */ = {
			isa = XCBuildConfiguration;
			buildSettings = {
				ASSETCATALOG_COMPILER_APPICON_NAME = AppIcon;
				CODE_SIGN_STYLE = Automatic;
				DEVELOPMENT_TEAM = VHSPQ2VYQK;
				INFOPLIST_FILE = OnlineShop/Info.plist;
				LD_RUNPATH_SEARCH_PATHS = (
					"$(inherited)",
					"@executable_path/Frameworks",
				);
				PRODUCT_BUNDLE_IDENTIFIER = com.example.OnlineShop;
				PRODUCT_NAME = "$(TARGET_NAME)";
				SWIFT_VERSION = 4.2;
				TARGETED_DEVICE_FAMILY = "1,2";
			};
			name = Release;
		};
/* End XCBuildConfiguration section */

/* Begin XCConfigurationList section */
		D3439E6121BA95A0007759F5 /* Build configuration list for PBXProject "OnlineShop" */ = {
			isa = XCConfigurationList;
			buildConfigurations = (
				D3439E7621BA95A1007759F5 /* Debug */,
				D3439E7721BA95A1007759F5 /* Release */,
			);
			defaultConfigurationIsVisible = 0;
			defaultConfigurationName = Release;
		};
		D3439E7821BA95A1007759F5 /* Build configuration list for PBXNativeTarget "OnlineShop" */ = {
			isa = XCConfigurationList;
			buildConfigurations = (
				D3439E7921BA95A1007759F5 /* Debug */,
				D3439E7A21BA95A1007759F5 /* Release */,
			);
			defaultConfigurationIsVisible = 0;
			defaultConfigurationName = Release;
		};
/* End XCConfigurationList section */

/* Begin XCVersionGroup section */
		D3439E7B21BA95BB007759F5 /* OnlineShopDataModel.xcdatamodeld */ = {
			isa = XCVersionGroup;
			children = (
				D3439E7C21BA95BB007759F5 /* OnlineShopDataModel.xcdatamodel */,
			);
			currentVersion = D3439E7C21BA95BB007759F5 /* OnlineShopDataModel.xcdatamodel */;
			path = OnlineShopDataModel.xcdatamodeld;
			sourceTree = "<group>";
			versionGroupType = wrapper.xcdatamodel;
		};
/* End XCVersionGroup section */
	};
	rootObject = D3439E5E21BA95A0007759F5 /* Project object */;
}
